// !$*UTF8*$!
{
	archiveVersion = 1;
	classes = {
	};
	objectVersion = 55;
	objects = {

/* Begin PBXBuildFile section */
		743FE2542701E343004EEB85 /* AppDelegate.swift in Sources */ = {isa = PBXBuildFile; fileRef = 743FE2532701E343004EEB85 /* AppDelegate.swift */; };
		743FE2562701E343004EEB85 /* ViewController.swift in Sources */ = {isa = PBXBuildFile; fileRef = 743FE2552701E343004EEB85 /* ViewController.swift */; };
		743FE2582701E345004EEB85 /* Assets.xcassets in Resources */ = {isa = PBXBuildFile; fileRef = 743FE2572701E345004EEB85 /* Assets.xcassets */; };
		743FE2662701E345004EEB85 /* Test3Tests.swift in Sources */ = {isa = PBXBuildFile; fileRef = 743FE2652701E345004EEB85 /* Test3Tests.swift */; };
		743FE2702701E345004EEB85 /* Test3UITests.swift in Sources */ = {isa = PBXBuildFile; fileRef = 743FE26F2701E345004EEB85 /* Test3UITests.swift */; };
		743FE2722701E345004EEB85 /* Test3UITestsLaunchTests.swift in Sources */ = {isa = PBXBuildFile; fileRef = 743FE2712701E345004EEB85 /* Test3UITestsLaunchTests.swift */; };
		743FE27F270244B2004EEB85 /* main.swift in Sources */ = {isa = PBXBuildFile; fileRef = 743FE27E270244B2004EEB85 /* main.swift */; };
/* End PBXBuildFile section */

/* Begin PBXContainerItemProxy section */
		743FE2622701E345004EEB85 /* PBXContainerItemProxy */ = {
			isa = PBXContainerItemProxy;
			containerPortal = 743FE2482701E343004EEB85 /* Project object */;
			proxyType = 1;
			remoteGlobalIDString = 743FE24F2701E343004EEB85;
			remoteInfo = Test3;
		};
		743FE26C2701E345004EEB85 /* PBXContainerItemProxy */ = {
			isa = PBXContainerItemProxy;
			containerPortal = 743FE2482701E343004EEB85 /* Project object */;
			proxyType = 1;
			remoteGlobalIDString = 743FE24F2701E343004EEB85;
			remoteInfo = Test3;
		};
/* End PBXContainerItemProxy section */

/* Begin PBXFileReference section */
		743FE2502701E343004EEB85 /* Test3.app */ = {isa = PBXFileReference; explicitFileType = wrapper.application; includeInIndex = 0; path = Test3.app; sourceTree = BUILT_PRODUCTS_DIR; };
		743FE2532701E343004EEB85 /* AppDelegate.swift */ = {isa = PBXFileReference; lastKnownFileType = sourcecode.swift; path = AppDelegate.swift; sourceTree = "<group>"; };
		743FE2552701E343004EEB85 /* ViewController.swift */ = {isa = PBXFileReference; lastKnownFileType = sourcecode.swift; path = ViewController.swift; sourceTree = "<group>"; };
		743FE2572701E345004EEB85 /* Assets.xcassets */ = {isa = PBXFileReference; lastKnownFileType = folder.assetcatalog; path = Assets.xcassets; sourceTree = "<group>"; };
		743FE25C2701E345004EEB85 /* Test3.entitlements */ = {isa = PBXFileReference; lastKnownFileType = text.plist.entitlements; path = Test3.entitlements; sourceTree = "<group>"; };
		743FE2612701E345004EEB85 /* Test3Tests.xctest */ = {isa = PBXFileReference; explicitFileType = wrapper.cfbundle; includeInIndex = 0; path = Test3Tests.xctest; sourceTree = BUILT_PRODUCTS_DIR; };
		743FE2652701E345004EEB85 /* Test3Tests.swift */ = {isa = PBXFileReference; lastKnownFileType = sourcecode.swift; path = Test3Tests.swift; sourceTree = "<group>"; };
		743FE26B2701E345004EEB85 /* Test3UITests.xctest */ = {isa = PBXFileReference; explicitFileType = wrapper.cfbundle; includeInIndex = 0; path = Test3UITests.xctest; sourceTree = BUILT_PRODUCTS_DIR; };
		743FE26F2701E345004EEB85 /* Test3UITests.swift */ = {isa = PBXFileReference; lastKnownFileType = sourcecode.swift; path = Test3UITests.swift; sourceTree = "<group>"; };
		743FE2712701E345004EEB85 /* Test3UITestsLaunchTests.swift */ = {isa = PBXFileReference; lastKnownFileType = sourcecode.swift; path = Test3UITestsLaunchTests.swift; sourceTree = "<group>"; };
		743FE27E270244B2004EEB85 /* main.swift */ = {isa = PBXFileReference; lastKnownFileType = sourcecode.swift; path = main.swift; sourceTree = "<group>"; };
/* End PBXFileReference section */

/* Begin PBXFrameworksBuildPhase section */
		743FE24D2701E343004EEB85 /* Frameworks */ = {
			isa = PBXFrameworksBuildPhase;
			buildActionMask = 2147483647;
			files = (
			);
			runOnlyForDeploymentPostprocessing = 0;
		};
		743FE25E2701E345004EEB85 /* Frameworks */ = {
			isa = PBXFrameworksBuildPhase;
			buildActionMask = 2147483647;
			files = (
			);
			runOnlyForDeploymentPostprocessing = 0;
		};
		743FE2682701E345004EEB85 /* Frameworks */ = {
			isa = PBXFrameworksBuildPhase;
			buildActionMask = 2147483647;
			files = (
			);
			runOnlyForDeploymentPostprocessing = 0;
		};
/* End PBXFrameworksBuildPhase section */

/* Begin PBXGroup section */
		743FE2472701E343004EEB85 = {
			isa = PBXGroup;
			children = (
				743FE2522701E343004EEB85 /* Test3 */,
				743FE2642701E345004EEB85 /* Test3Tests */,
				743FE26E2701E345004EEB85 /* Test3UITests */,
				743FE2512701E343004EEB85 /* Products */,
			);
			sourceTree = "<group>";
		};
		743FE2512701E343004EEB85 /* Products */ = {
			isa = PBXGroup;
			children = (
				743FE2502701E343004EEB85 /* Test3.app */,
				743FE2612701E345004EEB85 /* Test3Tests.xctest */,
				743FE26B2701E345004EEB85 /* Test3UITests.xctest */,
			);
			name = Products;
			sourceTree = "<group>";
		};
		743FE2522701E343004EEB85 /* Test3 */ = {
			isa = PBXGroup;
			children = (
				743FE2532701E343004EEB85 /* AppDelegate.swift */,
				743FE2552701E343004EEB85 /* ViewController.swift */,
				743FE2572701E345004EEB85 /* Assets.xcassets */,
				743FE25C2701E345004EEB85 /* Test3.entitlements */,
				743FE27E270244B2004EEB85 /* main.swift */,
			);
			path = Test3;
			sourceTree = "<group>";
		};
		743FE2642701E345004EEB85 /* Test3Tests */ = {
			isa = PBXGroup;
			children = (
				743FE2652701E345004EEB85 /* Test3Tests.swift */,
			);
			path = Test3Tests;
			sourceTree = "<group>";
		};
		743FE26E2701E345004EEB85 /* Test3UITests */ = {
			isa = PBXGroup;
			children = (
				743FE26F2701E345004EEB85 /* Test3UITests.swift */,
				743FE2712701E345004EEB85 /* Test3UITestsLaunchTests.swift */,
			);
			path = Test3UITests;
			sourceTree = "<group>";
		};
/* End PBXGroup section */

/* Begin PBXNativeTarget section */
		743FE24F2701E343004EEB85 /* Test3 */ = {
			isa = PBXNativeTarget;
			buildConfigurationList = 743FE2752701E345004EEB85 /* Build configuration list for PBXNativeTarget "Test3" */;
			buildPhases = (
				743FE24C2701E343004EEB85 /* Sources */,
				743FE24D2701E343004EEB85 /* Frameworks */,
				743FE24E2701E343004EEB85 /* Resources */,
			);
			buildRules = (
			);
			dependencies = (
			);
			name = Test3;
			productName = Test3;
			productReference = 743FE2502701E343004EEB85 /* Test3.app */;
			productType = "com.apple.product-type.application";
		};
		743FE2602701E345004EEB85 /* Test3Tests */ = {
			isa = PBXNativeTarget;
			buildConfigurationList = 743FE2782701E345004EEB85 /* Build configuration list for PBXNativeTarget "Test3Tests" */;
			buildPhases = (
				743FE25D2701E345004EEB85 /* Sources */,
				743FE25E2701E345004EEB85 /* Frameworks */,
				743FE25F2701E345004EEB85 /* Resources */,
			);
			buildRules = (
			);
			dependencies = (
				743FE2632701E345004EEB85 /* PBXTargetDependency */,
			);
			name = Test3Tests;
			productName = Test3Tests;
			productReference = 743FE2612701E345004EEB85 /* Test3Tests.xctest */;
			productType = "com.apple.product-type.bundle.unit-test";
		};
		743FE26A2701E345004EEB85 /* Test3UITests */ = {
			isa = PBXNativeTarget;
			buildConfigurationList = 743FE27B2701E345004EEB85 /* Build configuration list for PBXNativeTarget "Test3UITests" */;
			buildPhases = (
				743FE2672701E345004EEB85 /* Sources */,
				743FE2682701E345004EEB85 /* Frameworks */,
				743FE2692701E345004EEB85 /* Resources */,
			);
			buildRules = (
			);
			dependencies = (
				743FE26D2701E345004EEB85 /* PBXTargetDependency */,
			);
			name = Test3UITests;
			productName = Test3UITests;
			productReference = 743FE26B2701E345004EEB85 /* Test3UITests.xctest */;
			productType = "com.apple.product-type.bundle.ui-testing";
		};
/* End PBXNativeTarget section */

/* Begin PBXProject section */
		743FE2482701E343004EEB85 /* Project object */ = {
			isa = PBXProject;
			attributes = {
				BuildIndependentTargetsInParallel = 1;
				LastSwiftUpdateCheck = 1300;
				LastUpgradeCheck = 1300;
				TargetAttributes = {
					743FE24F2701E343004EEB85 = {
						CreatedOnToolsVersion = 13.0;
					};
					743FE2602701E345004EEB85 = {
						CreatedOnToolsVersion = 13.0;
						TestTargetID = 743FE24F2701E343004EEB85;
					};
					743FE26A2701E345004EEB85 = {
						CreatedOnToolsVersion = 13.0;
						TestTargetID = 743FE24F2701E343004EEB85;
					};
				};
			};
			buildConfigurationList = 743FE24B2701E343004EEB85 /* Build configuration list for PBXProject "Test3" */;
			compatibilityVersion = "Xcode 13.0";
			developmentRegion = en;
			hasScannedForEncodings = 0;
			knownRegions = (
				en,
				Base,
			);
			mainGroup = 743FE2472701E343004EEB85;
			productRefGroup = 743FE2512701E343004EEB85 /* Products */;
			projectDirPath = "";
			projectRoot = "";
			targets = (
				743FE24F2701E343004EEB85 /* Test3 */,
				743FE2602701E345004EEB85 /* Test3Tests */,
				743FE26A2701E345004EEB85 /* Test3UITests */,
			);
		};
/* End PBXProject section */

/* Begin PBXResourcesBuildPhase section */
		743FE24E2701E343004EEB85 /* Resources */ = {
			isa = PBXResourcesBuildPhase;
			buildActionMask = 2147483647;
			files = (
				743FE2582701E345004EEB85 /* Assets.xcassets in Resources */,
			);
			runOnlyForDeploymentPostprocessing = 0;
		};
		743FE25F2701E345004EEB85 /* Resources */ = {
			isa = PBXResourcesBuildPhase;
			buildActionMask = 2147483647;
			files = (
			);
			runOnlyForDeploymentPostprocessing = 0;
		};
		743FE2692701E345004EEB85 /* Resources */ = {
			isa = PBXResourcesBuildPhase;
			buildActionMask = 2147483647;
			files = (
			);
			runOnlyForDeploymentPostprocessing = 0;
		};
/* End PBXResourcesBuildPhase section */

/* Begin PBXSourcesBuildPhase section */
		743FE24C2701E343004EEB85 /* Sources */ = {
			isa = PBXSourcesBuildPhase;
			buildActionMask = 2147483647;
			files = (
				743FE2562701E343004EEB85 /* ViewController.swift in Sources */,
				743FE2542701E343004EEB85 /* AppDelegate.swift in Sources */,
				743FE27F270244B2004EEB85 /* main.swift in Sources */,
			);
			runOnlyForDeploymentPostprocessing = 0;
		};
		743FE25D2701E345004EEB85 /* Sources */ = {
			isa = PBXSourcesBuildPhase;
			buildActionMask = 2147483647;
			files = (
				743FE2662701E345004EEB85 /* Test3Tests.swift in Sources */,
			);
			runOnlyForDeploymentPostprocessing = 0;
		};
		743FE2672701E345004EEB85 /* Sources */ = {
			isa = PBXSourcesBuildPhase;
			buildActionMask = 2147483647;
			files = (
				743FE2722701E345004EEB85 /* Test3UITestsLaunchTests.swift in Sources */,
				743FE2702701E345004EEB85 /* Test3UITests.swift in Sources */,
			);
			runOnlyForDeploymentPostprocessing = 0;
		};
/* End PBXSourcesBuildPhase section */

/* Begin PBXTargetDependency section */
		743FE2632701E345004EEB85 /* PBXTargetDependency */ = {
			isa = PBXTargetDependency;
			target = 743FE24F2701E343004EEB85 /* Test3 */;
			targetProxy = 743FE2622701E345004EEB85 /* PBXContainerItemProxy */;
		};
		743FE26D2701E345004EEB85 /* PBXTargetDependency */ = {
			isa = PBXTargetDependency;
			target = 743FE24F2701E343004EEB85 /* Test3 */;
			targetProxy = 743FE26C2701E345004EEB85 /* PBXContainerItemProxy */;
		};
/* End PBXTargetDependency section */

/* Begin XCBuildConfiguration section */
		743FE2732701E345004EEB85 /* Debug */ = {
			isa = XCBuildConfiguration;
			buildSettings = {
				ALWAYS_SEARCH_USER_PATHS = NO;
				CLANG_ANALYZER_NONNULL = YES;
				CLANG_ANALYZER_NUMBER_OBJECT_CONVERSION = YES_AGGRESSIVE;
				CLANG_CXX_LANGUAGE_STANDARD = "gnu++17";
				CLANG_CXX_LIBRARY = "libc++";
				CLANG_ENABLE_MODULES = YES;
				CLANG_ENABLE_OBJC_ARC = YES;
				CLANG_ENABLE_OBJC_WEAK = YES;
				CLANG_WARN_BLOCK_CAPTURE_AUTORELEASING = YES;
				CLANG_WARN_BOOL_CONVERSION = YES;
				CLANG_WARN_COMMA = YES;
				CLANG_WARN_CONSTANT_CONVERSION = YES;
				CLANG_WARN_DEPRECATED_OBJC_IMPLEMENTATIONS = YES;
				CLANG_WARN_DIRECT_OBJC_ISA_USAGE = YES_ERROR;
				CLANG_WARN_DOCUMENTATION_COMMENTS = YES;
				CLANG_WARN_EMPTY_BODY = YES;
				CLANG_WARN_ENUM_CONVERSION = YES;
				CLANG_WARN_INFINITE_RECURSION = YES;
				CLANG_WARN_INT_CONVERSION = YES;
				CLANG_WARN_NON_LITERAL_NULL_CONVERSION = YES;
				CLANG_WARN_OBJC_IMPLICIT_RETAIN_SELF = YES;
				CLANG_WARN_OBJC_LITERAL_CONVERSION = YES;
				CLANG_WARN_OBJC_ROOT_CLASS = YES_ERROR;
				CLANG_WARN_QUOTED_INCLUDE_IN_FRAMEWORK_HEADER = YES;
				CLANG_WARN_RANGE_LOOP_ANALYSIS = YES;
				CLANG_WARN_STRICT_PROTOTYPES = YES;
				CLANG_WARN_SUSPICIOUS_MOVE = YES;
				CLANG_WARN_UNGUARDED_AVAILABILITY = YES_AGGRESSIVE;
				CLANG_WARN_UNREACHABLE_CODE = YES;
				CLANG_WARN__DUPLICATE_METHOD_MATCH = YES;
				COPY_PHASE_STRIP = NO;
				DEBUG_INFORMATION_FORMAT = dwarf;
				ENABLE_STRICT_OBJC_MSGSEND = YES;
				ENABLE_TESTABILITY = YES;
				GCC_C_LANGUAGE_STANDARD = gnu11;
				GCC_DYNAMIC_NO_PIC = NO;
				GCC_NO_COMMON_BLOCKS = YES;
				GCC_OPTIMIZATION_LEVEL = 0;
				GCC_PREPROCESSOR_DEFINITIONS = (
					"DEBUG=1",
					"$(inherited)",
				);
				GCC_WARN_64_TO_32_BIT_CONVERSION = YES;
				GCC_WARN_ABOUT_RETURN_TYPE = YES_ERROR;
				GCC_WARN_UNDECLARED_SELECTOR = YES;
				GCC_WARN_UNINITIALIZED_AUTOS = YES_AGGRESSIVE;
				GCC_WARN_UNUSED_FUNCTION = YES;
				GCC_WARN_UNUSED_VARIABLE = YES;
				MACOSX_DEPLOYMENT_TARGET = 10.15;
				MTL_ENABLE_DEBUG_INFO = INCLUDE_SOURCE;
				MTL_FAST_MATH = YES;
				ONLY_ACTIVE_ARCH = YES;
				SDKROOT = macosx;
				SWIFT_ACTIVE_COMPILATION_CONDITIONS = DEBUG;
				SWIFT_OPTIMIZATION_LEVEL = "-Onone";
			};
			name = Debug;
		};
		743FE2742701E345004EEB85 /* Release */ = {
			isa = XCBuildConfiguration;
			buildSettings = {
				ALWAYS_SEARCH_USER_PATHS = NO;
				CLANG_ANALYZER_NONNULL = YES;
				CLANG_ANALYZER_NUMBER_OBJECT_CONVERSION = YES_AGGRESSIVE;
				CLANG_CXX_LANGUAGE_STANDARD = "gnu++17";
				CLANG_CXX_LIBRARY = "libc++";
				CLANG_ENABLE_MODULES = YES;
				CLANG_ENABLE_OBJC_ARC = YES;
				CLANG_ENABLE_OBJC_WEAK = YES;
				CLANG_WARN_BLOCK_CAPTURE_AUTORELEASING = YES;
				CLANG_WARN_BOOL_CONVERSION = YES;
				CLANG_WARN_COMMA = YES;
				CLANG_WARN_CONSTANT_CONVERSION = YES;
				CLANG_WARN_DEPRECATED_OBJC_IMPLEMENTATIONS = YES;
				CLANG_WARN_DIRECT_OBJC_ISA_USAGE = YES_ERROR;
				CLANG_WARN_DOCUMENTATION_COMMENTS = YES;
				CLANG_WARN_EMPTY_BODY = YES;
				CLANG_WARN_ENUM_CONVERSION = YES;
				CLANG_WARN_INFINITE_RECURSION = YES;
				CLANG_WARN_INT_CONVERSION = YES;
				CLANG_WARN_NON_LITERAL_NULL_CONVERSION = YES;
				CLANG_WARN_OBJC_IMPLICIT_RETAIN_SELF = YES;
				CLANG_WARN_OBJC_LITERAL_CONVERSION = YES;
				CLANG_WARN_OBJC_ROOT_CLASS = YES_ERROR;
				CLANG_WARN_QUOTED_INCLUDE_IN_FRAMEWORK_HEADER = YES;
				CLANG_WARN_RANGE_LOOP_ANALYSIS = YES;
				CLANG_WARN_STRICT_PROTOTYPES = YES;
				CLANG_WARN_SUSPICIOUS_MOVE = YES;
				CLANG_WARN_UNGUARDED_AVAILABILITY = YES_AGGRESSIVE;
				CLANG_WARN_UNREACHABLE_CODE = YES;
				CLANG_WARN__DUPLICATE_METHOD_MATCH = YES;
				COPY_PHASE_STRIP = NO;
				DEBUG_INFORMATION_FORMAT = "dwarf-with-dsym";
				ENABLE_NS_ASSERTIONS = NO;
				ENABLE_STRICT_OBJC_MSGSEND = YES;
				GCC_C_LANGUAGE_STANDARD = gnu11;
				GCC_NO_COMMON_BLOCKS = YES;
				GCC_WARN_64_TO_32_BIT_CONVERSION = YES;
				GCC_WARN_ABOUT_RETURN_TYPE = YES_ERROR;
				GCC_WARN_UNDECLARED_SELECTOR = YES;
				GCC_WARN_UNINITIALIZED_AUTOS = YES_AGGRESSIVE;
				GCC_WARN_UNUSED_FUNCTION = YES;
				GCC_WARN_UNUSED_VARIABLE = YES;
				MACOSX_DEPLOYMENT_TARGET = 10.15;
				MTL_ENABLE_DEBUG_INFO = NO;
				MTL_FAST_MATH = YES;
				SDKROOT = macosx;
				SWIFT_COMPILATION_MODE = wholemodule;
				SWIFT_OPTIMIZATION_LEVEL = "-O";
			};
			name = Release;
		};
		743FE2762701E345004EEB85 /* Debug */ = {
			isa = XCBuildConfiguration;
			buildSettings = {
				ASSETCATALOG_COMPILER_APPICON_NAME = AppIcon;
				ASSETCATALOG_COMPILER_GLOBAL_ACCENT_COLOR_NAME = AccentColor;
				CODE_SIGN_ENTITLEMENTS = Test3/Test3.entitlements;
				CODE_SIGN_STYLE = Automatic;
				COMBINE_HIDPI_IMAGES = YES;
				CURRENT_PROJECT_VERSION = 1;
				DEVELOPMENT_TEAM = TU4XLG85MH;
				ENABLE_HARDENED_RUNTIME = YES;
				GENERATE_INFOPLIST_FILE = YES;
				INFOPLIST_KEY_NSHumanReadableCopyright = "";
				INFOPLIST_KEY_NSPrincipalClass = NSApplication;
				LD_RUNPATH_SEARCH_PATHS = (
					"$(inherited)",
					"@executable_path/../Frameworks",
				);
				MACOSX_DEPLOYMENT_TARGET = 10.15;
				MARKETING_VERSION = 1.0;
				PRODUCT_BUNDLE_IDENTIFIER = "IT-Zollitsch.Test3";
				PRODUCT_NAME = "$(TARGET_NAME)";
				SWIFT_EMIT_LOC_STRINGS = YES;
				SWIFT_VERSION = 5.0;
			};
			name = Debug;
		};
		743FE2772701E345004EEB85 /* Release */ = {
			isa = XCBuildConfiguration;
			buildSettings = {
				ASSETCATALOG_COMPILER_APPICON_NAME = AppIcon;
				ASSETCATALOG_COMPILER_GLOBAL_ACCENT_COLOR_NAME = AccentColor;
				CODE_SIGN_ENTITLEMENTS = Test3/Test3.entitlements;
				CODE_SIGN_STYLE = Automatic;
				COMBINE_HIDPI_IMAGES = YES;
				CURRENT_PROJECT_VERSION = 1;
				DEVELOPMENT_TEAM = TU4XLG85MH;
				ENABLE_HARDENED_RUNTIME = YES;
				GENERATE_INFOPLIST_FILE = YES;
				INFOPLIST_KEY_NSHumanReadableCopyright = "";
				INFOPLIST_KEY_NSPrincipalClass = NSApplication;
				LD_RUNPATH_SEARCH_PATHS = (
					"$(inherited)",
					"@executable_path/../Frameworks",
				);
				MACOSX_DEPLOYMENT_TARGET = 10.15;
				MARKETING_VERSION = 1.0;
				PRODUCT_BUNDLE_IDENTIFIER = "IT-Zollitsch.Test3";
				PRODUCT_NAME = "$(TARGET_NAME)";
				SWIFT_EMIT_LOC_STRINGS = YES;
				SWIFT_VERSION = 5.0;
			};
			name = Release;
		};
		743FE2792701E345004EEB85 /* Debug */ = {
			isa = XCBuildConfiguration;
			buildSettings = {
				ALWAYS_EMBED_SWIFT_STANDARD_LIBRARIES = YES;
				BUNDLE_LOADER = "$(TEST_HOST)";
				CODE_SIGN_STYLE = Automatic;
				COMBINE_HIDPI_IMAGES = YES;
				CURRENT_PROJECT_VERSION = 1;
				DEVELOPMENT_TEAM = TU4XLG85MH;
				GENERATE_INFOPLIST_FILE = YES;
				LD_RUNPATH_SEARCH_PATHS = (
					"$(inherited)",
					"@executable_path/../Frameworks",
					"@loader_path/../Frameworks",
				);
				MACOSX_DEPLOYMENT_TARGET = 11.3;
				MARKETING_VERSION = 1.0;
				PRODUCT_BUNDLE_IDENTIFIER = "IT-Zollitsch.Test3Tests";
				PRODUCT_NAME = "$(TARGET_NAME)";
				SWIFT_EMIT_LOC_STRINGS = NO;
				SWIFT_VERSION = 5.0;
				TEST_HOST = "$(BUILT_PRODUCTS_DIR)/Test3.app/Contents/MacOS/Test3";
			};
			name = Debug;
		};
		743FE27A2701E345004EEB85 /* Release */ = {
			isa = XCBuildConfiguration;
			buildSettings = {
				ALWAYS_EMBED_SWIFT_STANDARD_LIBRARIES = YES;
				BUNDLE_LOADER = "$(TEST_HOST)";
				CODE_SIGN_STYLE = Automatic;
				COMBINE_HIDPI_IMAGES = YES;
				CURRENT_PROJECT_VERSION = 1;
				DEVELOPMENT_TEAM = TU4XLG85MH;
				GENERATE_INFOPLIST_FILE = YES;
				LD_RUNPATH_SEARCH_PATHS = (
					"$(inherited)",
					"@executable_path/../Frameworks",
					"@loader_path/../Frameworks",
				);
				MACOSX_DEPLOYMENT_TARGET = 11.3;
				MARKETING_VERSION = 1.0;
				PRODUCT_BUNDLE_IDENTIFIER = "IT-Zollitsch.Test3Tests";
				PRODUCT_NAME = "$(TARGET_NAME)";
				SWIFT_EMIT_LOC_STRINGS = NO;
				SWIFT_VERSION = 5.0;
				TEST_HOST = "$(BUILT_PRODUCTS_DIR)/Test3.app/Contents/MacOS/Test3";
			};
			name = Release;
		};
		743FE27C2701E345004EEB85 /* Debug */ = {
			isa = XCBuildConfiguration;
			buildSettings = {
				ALWAYS_EMBED_SWIFT_STANDARD_LIBRARIES = YES;
				CODE_SIGN_STYLE = Automatic;
				COMBINE_HIDPI_IMAGES = YES;
				CURRENT_PROJECT_VERSION = 1;
				DEVELOPMENT_TEAM = TU4XLG85MH;
				GENERATE_INFOPLIST_FILE = YES;
				LD_RUNPATH_SEARCH_PATHS = (
					"$(inherited)",
					"@executable_path/../Frameworks",
					"@loader_path/../Frameworks",
				);
				MARKETING_VERSION = 1.0;
				PRODUCT_BUNDLE_IDENTIFIER = "IT-Zollitsch.Test3UITests";
				PRODUCT_NAME = "$(TARGET_NAME)";
				SWIFT_EMIT_LOC_STRINGS = NO;
				SWIFT_VERSION = 5.0;
				TEST_TARGET_NAME = Test3;
			};
			name = Debug;
		};
		743FE27D2701E345004EEB85 /* Release */ = {
			isa = XCBuildConfiguration;
			buildSettings = {
				ALWAYS_EMBED_SWIFT_STANDARD_LIBRARIES = YES;
				CODE_SIGN_STYLE = Automatic;
				COMBINE_HIDPI_IMAGES = YES;
				CURRENT_PROJECT_VERSION = 1;
				DEVELOPMENT_TEAM = TU4XLG85MH;
				GENERATE_INFOPLIST_FILE = YES;
				LD_RUNPATH_SEARCH_PATHS = (
					"$(inherited)",
					"@executable_path/../Frameworks",
					"@loader_path/../Frameworks",
				);
				MARKETING_VERSION = 1.0;
				PRODUCT_BUNDLE_IDENTIFIER = "IT-Zollitsch.Test3UITests";
				PRODUCT_NAME = "$(TARGET_NAME)";
				SWIFT_EMIT_LOC_STRINGS = NO;
				SWIFT_VERSION = 5.0;
				TEST_TARGET_NAME = Test3;
			};
			name = Release;
		};
/* End XCBuildConfiguration section */

/* Begin XCConfigurationList section */
		743FE24B2701E343004EEB85 /* Build configuration list for PBXProject "Test3" */ = {
			isa = XCConfigurationList;
			buildConfigurations = (
				743FE2732701E345004EEB85 /* Debug */,
				743FE2742701E345004EEB85 /* Release */,
			);
			defaultConfigurationIsVisible = 0;
			defaultConfigurationName = Release;
		};
		743FE2752701E345004EEB85 /* Build configuration list for PBXNativeTarget "Test3" */ = {
			isa = XCConfigurationList;
			buildConfigurations = (
				743FE2762701E345004EEB85 /* Debug */,
				743FE2772701E345004EEB85 /* Release */,
			);
			defaultConfigurationIsVisible = 0;
			defaultConfigurationName = Release;
		};
		743FE2782701E345004EEB85 /* Build configuration list for PBXNativeTarget "Test3Tests" */ = {
			isa = XCConfigurationList;
			buildConfigurations = (
				743FE2792701E345004EEB85 /* Debug */,
				743FE27A2701E345004EEB85 /* Release */,
			);
			defaultConfigurationIsVisible = 0;
			defaultConfigurationName = Release;
		};
		743FE27B2701E345004EEB85 /* Build configuration list for PBXNativeTarget "Test3UITests" */ = {
			isa = XCConfigurationList;
			buildConfigurations = (
				743FE27C2701E345004EEB85 /* Debug */,
				743FE27D2701E345004EEB85 /* Release */,
			);
			defaultConfigurationIsVisible = 0;
			defaultConfigurationName = Release;
		};
/* End XCConfigurationList section */
	};
	rootObject = 743FE2482701E343004EEB85 /* Project object */;
}
